
Microsoft Visual Studio Solution File, Format Version 12.00
# Visual Studio Version 16
VisualStudioVersion = 16.0.30320.27
MinimumVisualStudioVersion = 10.0.40219.1
Project("{2150E333-8FDC-42A3-9474-1A3956D46DE8}") = "1-Services", "1-Services", "{5F3D6D33-68CD-466A-8176-CB78520E855A}"
EndProject
Project("{2150E333-8FDC-42A3-9474-1A3956D46DE8}") = "2-Application", "2-Application", "{8BE2A94B-D431-4951-8CB8-F4DD5D05F4E8}"
EndProject
Project("{2150E333-8FDC-42A3-9474-1A3956D46DE8}") = "3-Domain", "3-Domain", "{187D8AA2-2B2C-4B93-8508-CA1422C9534A}"
EndProject
Project("{2150E333-8FDC-42A3-9474-1A3956D46DE8}") = "4-Infra", "4-Infra", "{F28E2F22-95E9-47AB-8BD8-034EBC5CF65D}"
EndProject
Project("{2150E333-8FDC-42A3-9474-1A3956D46DE8}") = "5-Identity", "5-Identity", "{A221328C-9EFE-47AD-9D49-0A6E9D394D8F}"
EndProject
Project("{2150E333-8FDC-42A3-9474-1A3956D46DE8}") = "Infra.Repository", "Infra.Repository", "{DC2D66DB-4FD1-430C-BCB2-00E73587BDB9}"
EndProject
Project("{2150E333-8FDC-42A3-9474-1A3956D46DE8}") = "Shared", "Shared", "{B0A65B61-28C9-4218-B82A-45E122DEE32D}"
EndProject
Project("{2150E333-8FDC-42A3-9474-1A3956D46DE8}") = "Application.Tests", "Application.Tests", "{CA8A8AEA-2162-49D1-B65D-16D506CD83CD}"
EndProject
Project("{2150E333-8FDC-42A3-9474-1A3956D46DE8}") = "Services.Tests", "Services.Tests", "{046DD629-82D6-4953-AEB4-CF74C7D7625B}"
EndProject
Project("{9A19103F-16F7-4668-BE54-9A1E7A4F7556}") = "Domain", "Domain\Domain.csproj", "{64D58455-DDB1-40CC-B935-D04A369CFCFF}"
EndProject
Project("{9A19103F-16F7-4668-BE54-9A1E7A4F7556}") = "Aplication.Tests", "Aplication.Tests\Aplication.Tests.csproj", "{631C79A7-C446-4BBD-8EC9-E14DCB895FF4}"
EndProject
Project("{9A19103F-16F7-4668-BE54-9A1E7A4F7556}") = "AccountApp", "AccountApp\AccountApp.csproj", "{4549810C-D72F-43AF-B963-E08ECD304E39}"
EndProject
Project("{9A19103F-16F7-4668-BE54-9A1E7A4F7556}") = "SharedLibrary", "SharedLibrary\SharedLibrary.csproj", "{B9AD9768-0D6A-480E-9B91-C545E9C823A6}"
EndProject
Project("{FAE04EC0-301F-11D3-BF4B-00C04F79EFBC}") = "BaseRepository", "BaseRepository\BaseRepository.csproj", "{51805A9A-F1A6-45EB-B35D-07633242FF35}"
EndProject
Project("{FAE04EC0-301F-11D3-BF4B-00C04F79EFBC}") = "Repository", "Repository\Repository.csproj", "{53A2FCCB-50CD-47CF-9F95-C12F0E9095E0}"
EndProject
Project("{FAE04EC0-301F-11D3-BF4B-00C04F79EFBC}") = "Infra.Map", "Infra.Map\Infra.Map.csproj", "{78DC5B7A-DF6C-4A74-BD60-5E7F30F38062}"
EndProject
Project("{FAE04EC0-301F-11D3-BF4B-00C04F79EFBC}") = "EldoradoService", "EldoradoService\EldoradoService.csproj", "{BBD565B7-B2E5-4A28-A86C-70667DE9EF5B}"
EndProject
Global
	GlobalSection(SolutionConfigurationPlatforms) = preSolution
		Debug|Any CPU = Debug|Any CPU
		Release|Any CPU = Release|Any CPU
	EndGlobalSection
	GlobalSection(ProjectConfigurationPlatforms) = postSolution
		{64D58455-DDB1-40CC-B935-D04A369CFCFF}.Debug|Any CPU.ActiveCfg = Debug|Any CPU
		{64D58455-DDB1-40CC-B935-D04A369CFCFF}.Debug|Any CPU.Build.0 = Debug|Any CPU
		{64D58455-DDB1-40CC-B935-D04A369CFCFF}.Release|Any CPU.ActiveCfg = Release|Any CPU
		{64D58455-DDB1-40CC-B935-D04A369CFCFF}.Release|Any CPU.Build.0 = Release|Any CPU
		{631C79A7-C446-4BBD-8EC9-E14DCB895FF4}.Debug|Any CPU.ActiveCfg = Debug|Any CPU
		{631C79A7-C446-4BBD-8EC9-E14DCB895FF4}.Debug|Any CPU.Build.0 = Debug|Any CPU
		{631C79A7-C446-4BBD-8EC9-E14DCB895FF4}.Release|Any CPU.ActiveCfg = Release|Any CPU
		{631C79A7-C446-4BBD-8EC9-E14DCB895FF4}.Release|Any CPU.Build.0 = Release|Any CPU
		{4549810C-D72F-43AF-B963-E08ECD304E39}.Debug|Any CPU.ActiveCfg = Debug|Any CPU
		{4549810C-D72F-43AF-B963-E08ECD304E39}.Debug|Any CPU.Build.0 = Debug|Any CPU
		{4549810C-D72F-43AF-B963-E08ECD304E39}.Release|Any CPU.ActiveCfg = Release|Any CPU
		{4549810C-D72F-43AF-B963-E08ECD304E39}.Release|Any CPU.Build.0 = Release|Any CPU
		{B9AD9768-0D6A-480E-9B91-C545E9C823A6}.Debug|Any CPU.ActiveCfg = Debug|Any CPU
		{B9AD9768-0D6A-480E-9B91-C545E9C823A6}.Debug|Any CPU.Build.0 = Debug|Any CPU
		{B9AD9768-0D6A-480E-9B91-C545E9C823A6}.Release|Any CPU.ActiveCfg = Release|Any CPU
		{B9AD9768-0D6A-480E-9B91-C545E9C823A6}.Release|Any CPU.Build.0 = Release|Any CPU
		{51805A9A-F1A6-45EB-B35D-07633242FF35}.Debug|Any CPU.ActiveCfg = Debug|Any CPU
		{51805A9A-F1A6-45EB-B35D-07633242FF35}.Debug|Any CPU.Build.0 = Debug|Any CPU
		{51805A9A-F1A6-45EB-B35D-07633242FF35}.Release|Any CPU.ActiveCfg = Release|Any CPU
		{51805A9A-F1A6-45EB-B35D-07633242FF35}.Release|Any CPU.Build.0 = Release|Any CPU
		{53A2FCCB-50CD-47CF-9F95-C12F0E9095E0}.Debug|Any CPU.ActiveCfg = Debug|Any CPU
		{53A2FCCB-50CD-47CF-9F95-C12F0E9095E0}.Debug|Any CPU.Build.0 = Debug|Any CPU
		{53A2FCCB-50CD-47CF-9F95-C12F0E9095E0}.Release|Any CPU.ActiveCfg = Release|Any CPU
		{53A2FCCB-50CD-47CF-9F95-C12F0E9095E0}.Release|Any CPU.Build.0 = Release|Any CPU
		{78DC5B7A-DF6C-4A74-BD60-5E7F30F38062}.Debug|Any CPU.ActiveCfg = Debug|Any CPU
		{78DC5B7A-DF6C-4A74-BD60-5E7F30F38062}.Debug|Any CPU.Build.0 = Debug|Any CPU
		{78DC5B7A-DF6C-4A74-BD60-5E7F30F38062}.Release|Any CPU.ActiveCfg = Release|Any CPU
		{78DC5B7A-DF6C-4A74-BD60-5E7F30F38062}.Release|Any CPU.Build.0 = Release|Any CPU
		{BBD565B7-B2E5-4A28-A86C-70667DE9EF5B}.Debug|Any CPU.ActiveCfg = Debug|Any CPU
		{BBD565B7-B2E5-4A28-A86C-70667DE9EF5B}.Debug|Any CPU.Build.0 = Debug|Any CPU
		{BBD565B7-B2E5-4A28-A86C-70667DE9EF5B}.Release|Any CPU.ActiveCfg = Release|Any CPU
		{BBD565B7-B2E5-4A28-A86C-70667DE9EF5B}.Release|Any CPU.Build.0 = Release|Any CPU
	EndGlobalSection
	GlobalSection(SolutionProperties) = preSolution
		HideSolutionNode = FALSE
	EndGlobalSection
	GlobalSection(NestedProjects) = preSolution
		{DC2D66DB-4FD1-430C-BCB2-00E73587BDB9} = {F28E2F22-95E9-47AB-8BD8-034EBC5CF65D}
		{B0A65B61-28C9-4218-B82A-45E122DEE32D} = {F28E2F22-95E9-47AB-8BD8-034EBC5CF65D}
		{CA8A8AEA-2162-49D1-B65D-16D506CD83CD} = {8BE2A94B-D431-4951-8CB8-F4DD5D05F4E8}
		{046DD629-82D6-4953-AEB4-CF74C7D7625B} = {5F3D6D33-68CD-466A-8176-CB78520E855A}
		{64D58455-DDB1-40CC-B935-D04A369CFCFF} = {187D8AA2-2B2C-4B93-8508-CA1422C9534A}
		{631C79A7-C446-4BBD-8EC9-E14DCB895FF4} = {CA8A8AEA-2162-49D1-B65D-16D506CD83CD}
		{4549810C-D72F-43AF-B963-E08ECD304E39} = {8BE2A94B-D431-4951-8CB8-F4DD5D05F4E8}
		{B9AD9768-0D6A-480E-9B91-C545E9C823A6} = {B0A65B61-28C9-4218-B82A-45E122DEE32D}
		{51805A9A-F1A6-45EB-B35D-07633242FF35} = {DC2D66DB-4FD1-430C-BCB2-00E73587BDB9}
		{53A2FCCB-50CD-47CF-9F95-C12F0E9095E0} = {DC2D66DB-4FD1-430C-BCB2-00E73587BDB9}
		{78DC5B7A-DF6C-4A74-BD60-5E7F30F38062} = {DC2D66DB-4FD1-430C-BCB2-00E73587BDB9}
		{BBD565B7-B2E5-4A28-A86C-70667DE9EF5B} = {5F3D6D33-68CD-466A-8176-CB78520E855A}
	EndGlobalSection
	GlobalSection(ExtensibilityGlobals) = postSolution
		SolutionGuid = {2BAEA444-E715-45EE-922B-95197C23630B}
	EndGlobalSection
EndGlobal
